// !$*UTF8*$!
{
	archiveVersion = 1;
	classes = {
	};
	objectVersion = 56;
	objects = {

/* Begin PBXBuildFile section */
		DF2001E52E00B87F007D1EEB /* Regions.swift in Sources */ = {isa = PBXBuildFile; fileRef = DF2001E42E00B87F007D1EEB /* Regions.swift */; };
		DF2001E82E00C1B5007D1EEB /* ExploreService.swift in Sources */ = {isa = PBXBuildFile; fileRef = DF2001E62E00C1B5007D1EEB /* ExploreService.swift */; };
		DF2001ED2E00C1C1007D1EEB /* DestinationSearchView.swift in Sources */ = {isa = PBXBuildFile; fileRef = DF2001E92E00C1C1007D1EEB /* DestinationSearchView.swift */; };
		DF2001EE2E00C1C1007D1EEB /* ExploreView.swift in Sources */ = {isa = PBXBuildFile; fileRef = DF2001EA2E00C1C1007D1EEB /* ExploreView.swift */; };
		DF2001EF2E00C1C1007D1EEB /* SearchAndFilterBar.swift in Sources */ = {isa = PBXBuildFile; fileRef = DF2001EB2E00C1C1007D1EEB /* SearchAndFilterBar.swift */; };
		DF2001F22E00C1D7007D1EEB /* ExploreViewModel.swift in Sources */ = {isa = PBXBuildFile; fileRef = DF2001F02E00C1D7007D1EEB /* ExploreViewModel.swift */; };
		DFA65C442DFF2AB100F5A8F9 /* Listing.swift in Sources */ = {isa = PBXBuildFile; fileRef = DFA65C432DFF2AB100F5A8F9 /* Listing.swift */; };
		DFA65C462DFF309600F5A8F9 /* DeveloperPreview.swift in Sources */ = {isa = PBXBuildFile; fileRef = DFA65C452DFF309600F5A8F9 /* DeveloperPreview.swift */; };
		DFC2DCAD2DFE110A00E082AA /* VoyaApp.swift in Sources */ = {isa = PBXBuildFile; fileRef = DFC2DCAC2DFE110A00E082AA /* VoyaApp.swift */; };
		DFC2DCAF2DFE110A00E082AA /* ContentView.swift in Sources */ = {isa = PBXBuildFile; fileRef = DFC2DCAE2DFE110A00E082AA /* ContentView.swift */; };
		DFC2DCB12DFE110B00E082AA /* Assets.xcassets in Resources */ = {isa = PBXBuildFile; fileRef = DFC2DCB02DFE110B00E082AA /* Assets.xcassets */; };
		DFC2DCB42DFE110B00E082AA /* Preview Assets.xcassets in Resources */ = {isa = PBXBuildFile; fileRef = DFC2DCB32DFE110B00E082AA /* Preview Assets.xcassets */; };
		DFC2DCBE2DFE110B00E082AA /* VoyaTests.swift in Sources */ = {isa = PBXBuildFile; fileRef = DFC2DCBD2DFE110B00E082AA /* VoyaTests.swift */; };
		DFC2DCC82DFE110B00E082AA /* VoyaUITests.swift in Sources */ = {isa = PBXBuildFile; fileRef = DFC2DCC72DFE110B00E082AA /* VoyaUITests.swift */; };
		DFC2DCCA2DFE110C00E082AA /* VoyaUITestsLaunchTests.swift in Sources */ = {isa = PBXBuildFile; fileRef = DFC2DCC92DFE110C00E082AA /* VoyaUITestsLaunchTests.swift */; };
		DFC2DCE72DFE16B900E082AA /* ListingItemView.swift in Sources */ = {isa = PBXBuildFile; fileRef = DFC2DCE62DFE16B900E082AA /* ListingItemView.swift */; };
		DFC2DCEB2DFE28CE00E082AA /* ListingDetailView.swift in Sources */ = {isa = PBXBuildFile; fileRef = DFC2DCEA2DFE28CE00E082AA /* ListingDetailView.swift */; };
		DFC2DCEE2DFE2DA500E082AA /* ListingImageCarouselView.swift in Sources */ = {isa = PBXBuildFile; fileRef = DFC2DCED2DFE2DA500E082AA /* ListingImageCarouselView.swift */; };
		DFE3DCD32DFE8CC5007F2E98 /* ProfileView.swift in Sources */ = {isa = PBXBuildFile; fileRef = DFE3DCD22DFE8CC5007F2E98 /* ProfileView.swift */; };
		DFE3DCD52DFE99CC007F2E98 /* ProfileOptionRowView.swift in Sources */ = {isa = PBXBuildFile; fileRef = DFE3DCD42DFE99CC007F2E98 /* ProfileOptionRowView.swift */; };
		DFE3DCD72DFE9AFA007F2E98 /* WishlistsView.swift in Sources */ = {isa = PBXBuildFile; fileRef = DFE3DCD62DFE9AFA007F2E98 /* WishlistsView.swift */; };
		DFE3DCD92DFE9CC6007F2E98 /* MainTabView.swift in Sources */ = {isa = PBXBuildFile; fileRef = DFE3DCD82DFE9CC6007F2E98 /* MainTabView.swift */; };
/* End PBXBuildFile section */

/* Begin PBXContainerItemProxy section */
		DFC2DCBA2DFE110B00E082AA /* PBXContainerItemProxy */ = {
			isa = PBXContainerItemProxy;
			containerPortal = DFC2DCA12DFE110A00E082AA /* Project object */;
			proxyType = 1;
			remoteGlobalIDString = DFC2DCA82DFE110A00E082AA;
			remoteInfo = Voya;
		};
		DFC2DCC42DFE110B00E082AA /* PBXContainerItemProxy */ = {
			isa = PBXContainerItemProxy;
			containerPortal = DFC2DCA12DFE110A00E082AA /* Project object */;
			proxyType = 1;
			remoteGlobalIDString = DFC2DCA82DFE110A00E082AA;
			remoteInfo = Voya;
		};
/* End PBXContainerItemProxy section */

/* Begin PBXFileReference section */
		DF2001E42E00B87F007D1EEB /* Regions.swift */ = {isa = PBXFileReference; fileEncoding = 4; lastKnownFileType = sourcecode.swift; path = Regions.swift; sourceTree = "<group>"; };
		DF2001E62E00C1B5007D1EEB /* ExploreService.swift */ = {isa = PBXFileReference; fileEncoding = 4; lastKnownFileType = sourcecode.swift; path = ExploreService.swift; sourceTree = "<group>"; };
		DF2001E92E00C1C1007D1EEB /* DestinationSearchView.swift */ = {isa = PBXFileReference; fileEncoding = 4; lastKnownFileType = sourcecode.swift; path = DestinationSearchView.swift; sourceTree = "<group>"; };
		DF2001EA2E00C1C1007D1EEB /* ExploreView.swift */ = {isa = PBXFileReference; fileEncoding = 4; lastKnownFileType = sourcecode.swift; path = ExploreView.swift; sourceTree = "<group>"; };
		DF2001EB2E00C1C1007D1EEB /* SearchAndFilterBar.swift */ = {isa = PBXFileReference; fileEncoding = 4; lastKnownFileType = sourcecode.swift; path = SearchAndFilterBar.swift; sourceTree = "<group>"; };
		DF2001F02E00C1D7007D1EEB /* ExploreViewModel.swift */ = {isa = PBXFileReference; fileEncoding = 4; lastKnownFileType = sourcecode.swift; path = ExploreViewModel.swift; sourceTree = "<group>"; };
		DFA65C432DFF2AB100F5A8F9 /* Listing.swift */ = {isa = PBXFileReference; lastKnownFileType = sourcecode.swift; path = Listing.swift; sourceTree = "<group>"; };
		DFA65C452DFF309600F5A8F9 /* DeveloperPreview.swift */ = {isa = PBXFileReference; lastKnownFileType = sourcecode.swift; path = DeveloperPreview.swift; sourceTree = "<group>"; };
		DFC2DCA92DFE110A00E082AA /* Voya.app */ = {isa = PBXFileReference; explicitFileType = wrapper.application; includeInIndex = 0; name = Voya.app; path = "/Users/chairaharder/Desktop/Voya/build/Debug-iphoneos/Voya.app"; sourceTree = "<absolute>"; };
		DFC2DCAC2DFE110A00E082AA /* VoyaApp.swift */ = {isa = PBXFileReference; lastKnownFileType = sourcecode.swift; path = VoyaApp.swift; sourceTree = "<group>"; };
		DFC2DCAE2DFE110A00E082AA /* ContentView.swift */ = {isa = PBXFileReference; lastKnownFileType = sourcecode.swift; path = ContentView.swift; sourceTree = "<group>"; };
		DFC2DCB02DFE110B00E082AA /* Assets.xcassets */ = {isa = PBXFileReference; lastKnownFileType = folder.assetcatalog; path = Assets.xcassets; sourceTree = "<group>"; };
		DFC2DCB32DFE110B00E082AA /* Preview Assets.xcassets */ = {isa = PBXFileReference; lastKnownFileType = folder.assetcatalog; path = "Preview Assets.xcassets"; sourceTree = "<group>"; };
		DFC2DCB92DFE110B00E082AA /* VoyaTests.xctest */ = {isa = PBXFileReference; explicitFileType = wrapper.cfbundle; includeInIndex = 0; name = VoyaTests.xctest; path = "/Users/chairaharder/Desktop/Voya/build/Debug-iphoneos/Voya.app/PlugIns/VoyaTests.xctest"; sourceTree = "<absolute>"; };
		DFC2DCBD2DFE110B00E082AA /* VoyaTests.swift */ = {isa = PBXFileReference; lastKnownFileType = sourcecode.swift; path = VoyaTests.swift; sourceTree = "<group>"; };
		DFC2DCC32DFE110B00E082AA /* VoyaUITests.xctest */ = {isa = PBXFileReference; explicitFileType = wrapper.cfbundle; includeInIndex = 0; name = VoyaUITests.xctest; path = "/Users/chairaharder/Desktop/Voya/build/Debug-iphoneos/VoyaUITests-Runner.app/PlugIns/VoyaUITests.xctest"; sourceTree = "<absolute>"; };
		DFC2DCC72DFE110B00E082AA /* VoyaUITests.swift */ = {isa = PBXFileReference; lastKnownFileType = sourcecode.swift; path = VoyaUITests.swift; sourceTree = "<group>"; };
		DFC2DCC92DFE110C00E082AA /* VoyaUITestsLaunchTests.swift */ = {isa = PBXFileReference; lastKnownFileType = sourcecode.swift; path = VoyaUITestsLaunchTests.swift; sourceTree = "<group>"; };
		DFC2DCE62DFE16B900E082AA /* ListingItemView.swift */ = {isa = PBXFileReference; lastKnownFileType = sourcecode.swift; path = ListingItemView.swift; sourceTree = "<group>"; };
		DFC2DCEA2DFE28CE00E082AA /* ListingDetailView.swift */ = {isa = PBXFileReference; lastKnownFileType = sourcecode.swift; path = ListingDetailView.swift; sourceTree = "<group>"; };
		DFC2DCED2DFE2DA500E082AA /* ListingImageCarouselView.swift */ = {isa = PBXFileReference; lastKnownFileType = sourcecode.swift; path = ListingImageCarouselView.swift; sourceTree = "<group>"; };
		DFE3DCD22DFE8CC5007F2E98 /* ProfileView.swift */ = {isa = PBXFileReference; lastKnownFileType = sourcecode.swift; path = ProfileView.swift; sourceTree = "<group>"; };
		DFE3DCD42DFE99CC007F2E98 /* ProfileOptionRowView.swift */ = {isa = PBXFileReference; lastKnownFileType = sourcecode.swift; path = ProfileOptionRowView.swift; sourceTree = "<group>"; };
		DFE3DCD62DFE9AFA007F2E98 /* WishlistsView.swift */ = {isa = PBXFileReference; lastKnownFileType = sourcecode.swift; path = WishlistsView.swift; sourceTree = "<group>"; };
		DFE3DCD82DFE9CC6007F2E98 /* MainTabView.swift */ = {isa = PBXFileReference; lastKnownFileType = sourcecode.swift; path = MainTabView.swift; sourceTree = "<group>"; };
/* End PBXFileReference section */

/* Begin PBXFrameworksBuildPhase section */
		DFC2DCA62DFE110A00E082AA /* Frameworks */ = {
			isa = PBXFrameworksBuildPhase;
			buildActionMask = 2147483647;
			files = (
			);
			runOnlyForDeploymentPostprocessing = 0;
		};
		DFC2DCB62DFE110B00E082AA /* Frameworks */ = {
			isa = PBXFrameworksBuildPhase;
			buildActionMask = 2147483647;
			files = (
			);
			runOnlyForDeploymentPostprocessing = 0;
		};
		DFC2DCC02DFE110B00E082AA /* Frameworks */ = {
			isa = PBXFrameworksBuildPhase;
			buildActionMask = 2147483647;
			files = (
			);
			runOnlyForDeploymentPostprocessing = 0;
		};
/* End PBXFrameworksBuildPhase section */

/* Begin PBXGroup section */
		DF2001E72E00C1B5007D1EEB /* Service */ = {
			isa = PBXGroup;
			children = (
				DF2001E62E00C1B5007D1EEB /* ExploreService.swift */,
			);
			path = Service;
			sourceTree = "<group>";
		};
		DF2001EC2E00C1C1007D1EEB /* View */ = {
			isa = PBXGroup;
			children = (
				DF2001E92E00C1C1007D1EEB /* DestinationSearchView.swift */,
				DF2001EA2E00C1C1007D1EEB /* ExploreView.swift */,
				DF2001EB2E00C1C1007D1EEB /* SearchAndFilterBar.swift */,
			);
			path = View;
			sourceTree = "<group>";
		};
		DF2001F12E00C1D7007D1EEB /* ViewModel */ = {
			isa = PBXGroup;
			children = (
				DF2001F02E00C1D7007D1EEB /* ExploreViewModel.swift */,
			);
			path = ViewModel;
			sourceTree = "<group>";
		};
		DFA65C412DFF2A6800F5A8F9 /* Model */ = {
			isa = PBXGroup;
			children = (
				DFA65C432DFF2AB100F5A8F9 /* Listing.swift */,
			);
			path = Model;
			sourceTree = "<group>";
		};
		DFA65C422DFF2A7000F5A8F9 /* View */ = {
			isa = PBXGroup;
			children = (
				DFC2DCE62DFE16B900E082AA /* ListingItemView.swift */,
				DFC2DCEA2DFE28CE00E082AA /* ListingDetailView.swift */,
			);
			path = View;
			sourceTree = "<group>";
		};
		DFC2DCA02DFE110A00E082AA = {
			isa = PBXGroup;
			children = (
				DFC2DCAB2DFE110A00E082AA /* Voya */,
				DFC2DCBC2DFE110B00E082AA /* VoyaTests */,
				DFC2DCC62DFE110B00E082AA /* VoyaUITests */,
			);
			sourceTree = "<group>";
		};
		DFC2DCAB2DFE110A00E082AA /* Voya */ = {
			isa = PBXGroup;
			children = (
				DFC2DCDA2DFE120600E082AA /* App */,
				DFC2DCD92DFE11F400E082AA /* Core */,
				DFC2DCD82DFE11F200E082AA /* Extensions */,
				DFC2DCD62DFE11DF00E082AA /* Models */,
				DFC2DCAE2DFE110A00E082AA /* ContentView.swift */,
				DFC2DCB02DFE110B00E082AA /* Assets.xcassets */,
				DFC2DCB22DFE110B00E082AA /* Preview Content */,
				DFC2DCDC2DFE126B00E082AA /* Utils */,
			);
			path = Voya;
			sourceTree = "<group>";
		};
		DFC2DCB22DFE110B00E082AA /* Preview Content */ = {
			isa = PBXGroup;
			children = (
				DFC2DCB32DFE110B00E082AA /* Preview Assets.xcassets */,
			);
			path = "Preview Content";
			sourceTree = "<group>";
		};
		DFC2DCBC2DFE110B00E082AA /* VoyaTests */ = {
			isa = PBXGroup;
			children = (
				DFC2DCBD2DFE110B00E082AA /* VoyaTests.swift */,
			);
			path = VoyaTests;
			sourceTree = "<group>";
		};
		DFC2DCC62DFE110B00E082AA /* VoyaUITests */ = {
			isa = PBXGroup;
			children = (
				DFC2DCC72DFE110B00E082AA /* VoyaUITests.swift */,
				DFC2DCC92DFE110C00E082AA /* VoyaUITestsLaunchTests.swift */,
			);
			path = VoyaUITests;
			sourceTree = "<group>";
		};
		DFC2DCD62DFE11DF00E082AA /* Models */ = {
			isa = PBXGroup;
			children = (
			);
			path = Models;
			sourceTree = "<group>";
		};
		DFC2DCD82DFE11F200E082AA /* Extensions */ = {
			isa = PBXGroup;
			children = (
				DFA65C452DFF309600F5A8F9 /* DeveloperPreview.swift */,
				DF2001E42E00B87F007D1EEB /* Regions.swift */,
			);
			path = Extensions;
			sourceTree = "<group>";
		};
		DFC2DCD92DFE11F400E082AA /* Core */ = {
			isa = PBXGroup;
			children = (
				DFC2DCEC2DFE2D8000E082AA /* Components */,
				DFC2DCDD2DFE132800E082AA /* Explore */,
				DFC2DCDE2DFE133200E082AA /* Listings */,
				DFC2DCDF2DFE133B00E082AA /* MapView */,
				DFC2DCE02DFE136600E082AA /* Profile */,
				DFC2DCE32DFE138400E082AA /* Root */,
				DFC2DCE22DFE137B00E082AA /* TabBar */,
				DFC2DCE12DFE137200E082AA /* Wishlists */,
			);
			path = Core;
			sourceTree = "<group>";
		};
		DFC2DCDA2DFE120600E082AA /* App */ = {
			isa = PBXGroup;
			children = (
				DFC2DCAC2DFE110A00E082AA /* VoyaApp.swift */,
			);
			path = App;
			sourceTree = "<group>";
		};
		DFC2DCDC2DFE126B00E082AA /* Utils */ = {
			isa = PBXGroup;
			children = (
			);
			path = Utils;
			sourceTree = "<group>";
		};
		DFC2DCDD2DFE132800E082AA /* Explore */ = {
			isa = PBXGroup;
			children = (
				DF2001E72E00C1B5007D1EEB /* Service */,
				DF2001EC2E00C1C1007D1EEB /* View */,
				DF2001F12E00C1D7007D1EEB /* ViewModel */,
			);
			path = Explore;
			sourceTree = "<group>";
		};
		DFC2DCDE2DFE133200E082AA /* Listings */ = {
			isa = PBXGroup;
			children = (
				DFA65C412DFF2A6800F5A8F9 /* Model */,
				DFA65C422DFF2A7000F5A8F9 /* View */,
			);
			path = Listings;
			sourceTree = "<group>";
		};
		DFC2DCDF2DFE133B00E082AA /* MapView */ = {
			isa = PBXGroup;
			children = (
			);
			path = MapView;
			sourceTree = "<group>";
		};
		DFC2DCE02DFE136600E082AA /* Profile */ = {
			isa = PBXGroup;
			children = (
				DFE3DCD22DFE8CC5007F2E98 /* ProfileView.swift */,
				DFE3DCD42DFE99CC007F2E98 /* ProfileOptionRowView.swift */,
			);
			path = Profile;
			sourceTree = "<group>";
		};
		DFC2DCE12DFE137200E082AA /* Wishlists */ = {
			isa = PBXGroup;
			children = (
				DFE3DCD62DFE9AFA007F2E98 /* WishlistsView.swift */,
			);
			path = Wishlists;
			sourceTree = "<group>";
		};
		DFC2DCE22DFE137B00E082AA /* TabBar */ = {
			isa = PBXGroup;
			children = (
				DFE3DCD82DFE9CC6007F2E98 /* MainTabView.swift */,
			);
			path = TabBar;
			sourceTree = "<group>";
		};
		DFC2DCE32DFE138400E082AA /* Root */ = {
			isa = PBXGroup;
			children = (
			);
			path = Root;
			sourceTree = "<group>";
		};
		DFC2DCEC2DFE2D8000E082AA /* Components */ = {
			isa = PBXGroup;
			children = (
				DFC2DCED2DFE2DA500E082AA /* ListingImageCarouselView.swift */,
			);
			path = Components;
			sourceTree = "<group>";
		};
/* End PBXGroup section */

/* Begin PBXNativeTarget section */
		DFC2DCA82DFE110A00E082AA /* Voya */ = {
			isa = PBXNativeTarget;
			buildConfigurationList = DFC2DCCD2DFE110C00E082AA /* Build configuration list for PBXNativeTarget "Voya" */;
			buildPhases = (
				DFC2DCA52DFE110A00E082AA /* Sources */,
				DFC2DCA62DFE110A00E082AA /* Frameworks */,
				DFC2DCA72DFE110A00E082AA /* Resources */,
			);
			buildRules = (
			);
			dependencies = (
			);
			name = Voya;
			productName = Voya;
			productReference = DFC2DCA92DFE110A00E082AA /* Voya.app */;
			productType = "com.apple.product-type.application";
		};
		DFC2DCB82DFE110B00E082AA /* VoyaTests */ = {
			isa = PBXNativeTarget;
			buildConfigurationList = DFC2DCD02DFE110C00E082AA /* Build configuration list for PBXNativeTarget "VoyaTests" */;
			buildPhases = (
				DFC2DCB52DFE110B00E082AA /* Sources */,
				DFC2DCB62DFE110B00E082AA /* Frameworks */,
				DFC2DCB72DFE110B00E082AA /* Resources */,
			);
			buildRules = (
			);
			dependencies = (
				DFC2DCBB2DFE110B00E082AA /* PBXTargetDependency */,
			);
			name = VoyaTests;
			productName = VoyaTests;
			productReference = DFC2DCB92DFE110B00E082AA /* VoyaTests.xctest */;
			productType = "com.apple.product-type.bundle.unit-test";
		};
		DFC2DCC22DFE110B00E082AA /* VoyaUITests */ = {
			isa = PBXNativeTarget;
			buildConfigurationList = DFC2DCD32DFE110C00E082AA /* Build configuration list for PBXNativeTarget "VoyaUITests" */;
			buildPhases = (
				DFC2DCBF2DFE110B00E082AA /* Sources */,
				DFC2DCC02DFE110B00E082AA /* Frameworks */,
				DFC2DCC12DFE110B00E082AA /* Resources */,
			);
			buildRules = (
			);
			dependencies = (
				DFC2DCC52DFE110B00E082AA /* PBXTargetDependency */,
			);
			name = VoyaUITests;
			productName = VoyaUITests;
			productReference = DFC2DCC32DFE110B00E082AA /* VoyaUITests.xctest */;
			productType = "com.apple.product-type.bundle.ui-testing";
		};
/* End PBXNativeTarget section */

/* Begin PBXProject section */
		DFC2DCA12DFE110A00E082AA /* Project object */ = {
			isa = PBXProject;
			attributes = {
				BuildIndependentTargetsInParallel = 1;
				LastSwiftUpdateCheck = 1530;
				LastUpgradeCheck = 1530;
				TargetAttributes = {
					DFC2DCA82DFE110A00E082AA = {
						CreatedOnToolsVersion = 15.3;
					};
					DFC2DCB82DFE110B00E082AA = {
						CreatedOnToolsVersion = 15.3;
						TestTargetID = DFC2DCA82DFE110A00E082AA;
					};
					DFC2DCC22DFE110B00E082AA = {
						CreatedOnToolsVersion = 15.3;
						TestTargetID = DFC2DCA82DFE110A00E082AA;
					};
				};
			};
			buildConfigurationList = DFC2DCA42DFE110A00E082AA /* Build configuration list for PBXProject "Voya" */;
			compatibilityVersion = "Xcode 14.0";
			developmentRegion = en;
			hasScannedForEncodings = 0;
			knownRegions = (
				en,
				Base,
			);
			mainGroup = DFC2DCA02DFE110A00E082AA;
			packageReferences = (
				DF2001F32E00D399007D1EEB /* XCRemoteSwiftPackageReference "swift-algorithms" */,
				DF2001F42E00D47E007D1EEB /* XCRemoteSwiftPackageReference "fuse-swift" */,
			);
			productRefGroup = DFC2DCA02DFE110A00E082AA;
			projectDirPath = "";
			projectRoot = "";
			targets = (
				DFC2DCA82DFE110A00E082AA /* Voya */,
				DFC2DCB82DFE110B00E082AA /* VoyaTests */,
				DFC2DCC22DFE110B00E082AA /* VoyaUITests */,
			);
		};
/* End PBXProject section */

/* Begin PBXResourcesBuildPhase section */
		DFC2DCA72DFE110A00E082AA /* Resources */ = {
			isa = PBXResourcesBuildPhase;
			buildActionMask = 2147483647;
			files = (
				DFC2DCB42DFE110B00E082AA /* Preview Assets.xcassets in Resources */,
				DFC2DCB12DFE110B00E082AA /* Assets.xcassets in Resources */,
			);
			runOnlyForDeploymentPostprocessing = 0;
		};
		DFC2DCB72DFE110B00E082AA /* Resources */ = {
			isa = PBXResourcesBuildPhase;
			buildActionMask = 2147483647;
			files = (
			);
			runOnlyForDeploymentPostprocessing = 0;
		};
		DFC2DCC12DFE110B00E082AA /* Resources */ = {
			isa = PBXResourcesBuildPhase;
			buildActionMask = 2147483647;
			files = (
			);
			runOnlyForDeploymentPostprocessing = 0;
		};
/* End PBXResourcesBuildPhase section */

/* Begin PBXSourcesBuildPhase section */
		DFC2DCA52DFE110A00E082AA /* Sources */ = {
			isa = PBXSourcesBuildPhase;
			buildActionMask = 2147483647;
			files = (
				DFC2DCEE2DFE2DA500E082AA /* ListingImageCarouselView.swift in Sources */,
				DFE3DCD32DFE8CC5007F2E98 /* ProfileView.swift in Sources */,
				DFE3DCD52DFE99CC007F2E98 /* ProfileOptionRowView.swift in Sources */,
				DFC2DCAF2DFE110A00E082AA /* ContentView.swift in Sources */,
				DFC2DCE72DFE16B900E082AA /* ListingItemView.swift in Sources */,
				DF2001EF2E00C1C1007D1EEB /* SearchAndFilterBar.swift in Sources */,
				DF2001ED2E00C1C1007D1EEB /* DestinationSearchView.swift in Sources */,
				DF2001E52E00B87F007D1EEB /* Regions.swift in Sources */,
				DFE3DCD72DFE9AFA007F2E98 /* WishlistsView.swift in Sources */,
				DF2001F22E00C1D7007D1EEB /* ExploreViewModel.swift in Sources */,
				DF2001EE2E00C1C1007D1EEB /* ExploreView.swift in Sources */,
				DFA65C442DFF2AB100F5A8F9 /* Listing.swift in Sources */,
				DFC2DCEB2DFE28CE00E082AA /* ListingDetailView.swift in Sources */,
				DFC2DCAD2DFE110A00E082AA /* VoyaApp.swift in Sources */,
				DFE3DCD92DFE9CC6007F2E98 /* MainTabView.swift in Sources */,
				DFA65C462DFF309600F5A8F9 /* DeveloperPreview.swift in Sources */,
				DF2001E82E00C1B5007D1EEB /* ExploreService.swift in Sources */,
			);
			runOnlyForDeploymentPostprocessing = 0;
		};
		DFC2DCB52DFE110B00E082AA /* Sources */ = {
			isa = PBXSourcesBuildPhase;
			buildActionMask = 2147483647;
			files = (
				DFC2DCBE2DFE110B00E082AA /* VoyaTests.swift in Sources */,
			);
			runOnlyForDeploymentPostprocessing = 0;
		};
		DFC2DCBF2DFE110B00E082AA /* Sources */ = {
			isa = PBXSourcesBuildPhase;
			buildActionMask = 2147483647;
			files = (
				DFC2DCC82DFE110B00E082AA /* VoyaUITests.swift in Sources */,
				DFC2DCCA2DFE110C00E082AA /* VoyaUITestsLaunchTests.swift in Sources */,
			);
			runOnlyForDeploymentPostprocessing = 0;
		};
/* End PBXSourcesBuildPhase section */

/* Begin PBXTargetDependency section */
		DFC2DCBB2DFE110B00E082AA /* PBXTargetDependency */ = {
			isa = PBXTargetDependency;
			target = DFC2DCA82DFE110A00E082AA /* Voya */;
			targetProxy = DFC2DCBA2DFE110B00E082AA /* PBXContainerItemProxy */;
		};
		DFC2DCC52DFE110B00E082AA /* PBXTargetDependency */ = {
			isa = PBXTargetDependency;
			target = DFC2DCA82DFE110A00E082AA /* Voya */;
			targetProxy = DFC2DCC42DFE110B00E082AA /* PBXContainerItemProxy */;
		};
/* End PBXTargetDependency section */

/* Begin XCBuildConfiguration section */
		DFC2DCCB2DFE110C00E082AA /* Debug */ = {
			isa = XCBuildConfiguration;
			buildSettings = {
				ALWAYS_SEARCH_USER_PATHS = NO;
				ASSETCATALOG_COMPILER_GENERATE_SWIFT_ASSET_SYMBOL_EXTENSIONS = YES;
				CLANG_ANALYZER_NONNULL = YES;
				CLANG_ANALYZER_NUMBER_OBJECT_CONVERSION = YES_AGGRESSIVE;
				CLANG_CXX_LANGUAGE_STANDARD = "gnu++20";
				CLANG_ENABLE_MODULES = YES;
				CLANG_ENABLE_OBJC_ARC = YES;
				CLANG_ENABLE_OBJC_WEAK = YES;
				CLANG_WARN_BLOCK_CAPTURE_AUTORELEASING = YES;
				CLANG_WARN_BOOL_CONVERSION = YES;
				CLANG_WARN_COMMA = YES;
				CLANG_WARN_CONSTANT_CONVERSION = YES;
				CLANG_WARN_DEPRECATED_OBJC_IMPLEMENTATIONS = YES;
				CLANG_WARN_DIRECT_OBJC_ISA_USAGE = YES_ERROR;
				CLANG_WARN_DOCUMENTATION_COMMENTS = YES;
				CLANG_WARN_EMPTY_BODY = YES;
				CLANG_WARN_ENUM_CONVERSION = YES;
				CLANG_WARN_INFINITE_RECURSION = YES;
				CLANG_WARN_INT_CONVERSION = YES;
				CLANG_WARN_NON_LITERAL_NULL_CONVERSION = YES;
				CLANG_WARN_OBJC_IMPLICIT_RETAIN_SELF = YES;
				CLANG_WARN_OBJC_LITERAL_CONVERSION = YES;
				CLANG_WARN_OBJC_ROOT_CLASS = YES_ERROR;
				CLANG_WARN_QUOTED_INCLUDE_IN_FRAMEWORK_HEADER = YES;
				CLANG_WARN_RANGE_LOOP_ANALYSIS = YES;
				CLANG_WARN_STRICT_PROTOTYPES = YES;
				CLANG_WARN_SUSPICIOUS_MOVE = YES;
				CLANG_WARN_UNGUARDED_AVAILABILITY = YES_AGGRESSIVE;
				CLANG_WARN_UNREACHABLE_CODE = YES;
				CLANG_WARN__DUPLICATE_METHOD_MATCH = YES;
				COPY_PHASE_STRIP = NO;
				DEBUG_INFORMATION_FORMAT = dwarf;
				ENABLE_STRICT_OBJC_MSGSEND = YES;
				ENABLE_TESTABILITY = YES;
				ENABLE_USER_SCRIPT_SANDBOXING = YES;
				GCC_C_LANGUAGE_STANDARD = gnu17;
				GCC_DYNAMIC_NO_PIC = NO;
				GCC_NO_COMMON_BLOCKS = YES;
				GCC_OPTIMIZATION_LEVEL = 0;
				GCC_PREPROCESSOR_DEFINITIONS = (
					"DEBUG=1",
					"$(inherited)",
				);
				GCC_WARN_64_TO_32_BIT_CONVERSION = YES;
				GCC_WARN_ABOUT_RETURN_TYPE = YES_ERROR;
				GCC_WARN_UNDECLARED_SELECTOR = YES;
				GCC_WARN_UNINITIALIZED_AUTOS = YES_AGGRESSIVE;
				GCC_WARN_UNUSED_FUNCTION = YES;
				GCC_WARN_UNUSED_VARIABLE = YES;
				IPHONEOS_DEPLOYMENT_TARGET = 17.4;
				LOCALIZATION_PREFERS_STRING_CATALOGS = YES;
				MTL_ENABLE_DEBUG_INFO = INCLUDE_SOURCE;
				MTL_FAST_MATH = YES;
				ONLY_ACTIVE_ARCH = YES;
				SDKROOT = iphoneos;
				SWIFT_ACTIVE_COMPILATION_CONDITIONS = "DEBUG $(inherited)";
				SWIFT_OPTIMIZATION_LEVEL = "-Onone";
			};
			name = Debug;
		};
		DFC2DCCC2DFE110C00E082AA /* Release */ = {
			isa = XCBuildConfiguration;
			buildSettings = {
				ALWAYS_SEARCH_USER_PATHS = NO;
				ASSETCATALOG_COMPILER_GENERATE_SWIFT_ASSET_SYMBOL_EXTENSIONS = YES;
				CLANG_ANALYZER_NONNULL = YES;
				CLANG_ANALYZER_NUMBER_OBJECT_CONVERSION = YES_AGGRESSIVE;
				CLANG_CXX_LANGUAGE_STANDARD = "gnu++20";
				CLANG_ENABLE_MODULES = YES;
				CLANG_ENABLE_OBJC_ARC = YES;
				CLANG_ENABLE_OBJC_WEAK = YES;
				CLANG_WARN_BLOCK_CAPTURE_AUTORELEASING = YES;
				CLANG_WARN_BOOL_CONVERSION = YES;
				CLANG_WARN_COMMA = YES;
				CLANG_WARN_CONSTANT_CONVERSION = YES;
				CLANG_WARN_DEPRECATED_OBJC_IMPLEMENTATIONS = YES;
				CLANG_WARN_DIRECT_OBJC_ISA_USAGE = YES_ERROR;
				CLANG_WARN_DOCUMENTATION_COMMENTS = YES;
				CLANG_WARN_EMPTY_BODY = YES;
				CLANG_WARN_ENUM_CONVERSION = YES;
				CLANG_WARN_INFINITE_RECURSION = YES;
				CLANG_WARN_INT_CONVERSION = YES;
				CLANG_WARN_NON_LITERAL_NULL_CONVERSION = YES;
				CLANG_WARN_OBJC_IMPLICIT_RETAIN_SELF = YES;
				CLANG_WARN_OBJC_LITERAL_CONVERSION = YES;
				CLANG_WARN_OBJC_ROOT_CLASS = YES_ERROR;
				CLANG_WARN_QUOTED_INCLUDE_IN_FRAMEWORK_HEADER = YES;
				CLANG_WARN_RANGE_LOOP_ANALYSIS = YES;
				CLANG_WARN_STRICT_PROTOTYPES = YES;
				CLANG_WARN_SUSPICIOUS_MOVE = YES;
				CLANG_WARN_UNGUARDED_AVAILABILITY = YES_AGGRESSIVE;
				CLANG_WARN_UNREACHABLE_CODE = YES;
				CLANG_WARN__DUPLICATE_METHOD_MATCH = YES;
				COPY_PHASE_STRIP = NO;
				DEBUG_INFORMATION_FORMAT = "dwarf-with-dsym";
				ENABLE_NS_ASSERTIONS = NO;
				ENABLE_STRICT_OBJC_MSGSEND = YES;
				ENABLE_USER_SCRIPT_SANDBOXING = YES;
				GCC_C_LANGUAGE_STANDARD = gnu17;
				GCC_NO_COMMON_BLOCKS = YES;
				GCC_WARN_64_TO_32_BIT_CONVERSION = YES;
				GCC_WARN_ABOUT_RETURN_TYPE = YES_ERROR;
				GCC_WARN_UNDECLARED_SELECTOR = YES;
				GCC_WARN_UNINITIALIZED_AUTOS = YES_AGGRESSIVE;
				GCC_WARN_UNUSED_FUNCTION = YES;
				GCC_WARN_UNUSED_VARIABLE = YES;
				IPHONEOS_DEPLOYMENT_TARGET = 17.4;
				LOCALIZATION_PREFERS_STRING_CATALOGS = YES;
				MTL_ENABLE_DEBUG_INFO = NO;
				MTL_FAST_MATH = YES;
				SDKROOT = iphoneos;
				SWIFT_COMPILATION_MODE = wholemodule;
				VALIDATE_PRODUCT = YES;
			};
			name = Release;
		};
		DFC2DCCE2DFE110C00E082AA /* Debug */ = {
			isa = XCBuildConfiguration;
			buildSettings = {
				ASSETCATALOG_COMPILER_APPICON_NAME = AppIcon;
				ASSETCATALOG_COMPILER_GLOBAL_ACCENT_COLOR_NAME = AccentColor;
				CODE_SIGN_STYLE = Automatic;
				CURRENT_PROJECT_VERSION = 1;
				DEVELOPMENT_ASSET_PATHS = "\"Voya/Preview Content\"";
				DEVELOPMENT_TEAM = 2K9BK29ZX4;
				ENABLE_PREVIEWS = YES;
				GENERATE_INFOPLIST_FILE = YES;
				INFOPLIST_KEY_UIApplicationSceneManifest_Generation = YES;
				INFOPLIST_KEY_UIApplicationSupportsIndirectInputEvents = YES;
				INFOPLIST_KEY_UILaunchScreen_Generation = YES;
				INFOPLIST_KEY_UISupportedInterfaceOrientations_iPad = "UIInterfaceOrientationPortrait UIInterfaceOrientationPortraitUpsideDown UIInterfaceOrientationLandscapeLeft UIInterfaceOrientationLandscapeRight";
				INFOPLIST_KEY_UISupportedInterfaceOrientations_iPhone = "UIInterfaceOrientationPortrait UIInterfaceOrientationLandscapeLeft UIInterfaceOrientationLandscapeRight";
				LD_RUNPATH_SEARCH_PATHS = (
					"$(inherited)",
					"@executable_path/Frameworks",
				);
				MARKETING_VERSION = 1.0;
				PRODUCT_BUNDLE_IDENTIFIER = chairaharder.Voya;
				PRODUCT_NAME = "$(TARGET_NAME)";
				SWIFT_EMIT_LOC_STRINGS = YES;
				SWIFT_VERSION = 5.0;
				TARGETED_DEVICE_FAMILY = "1,2";
			};
			name = Debug;
		};
		DFC2DCCF2DFE110C00E082AA /* Release */ = {
			isa = XCBuildConfiguration;
			buildSettings = {
				ASSETCATALOG_COMPILER_APPICON_NAME = AppIcon;
				ASSETCATALOG_COMPILER_GLOBAL_ACCENT_COLOR_NAME = AccentColor;
				CODE_SIGN_STYLE = Automatic;
				CURRENT_PROJECT_VERSION = 1;
				DEVELOPMENT_ASSET_PATHS = "\"Voya/Preview Content\"";
				DEVELOPMENT_TEAM = 2K9BK29ZX4;
				ENABLE_PREVIEWS = YES;
				GENERATE_INFOPLIST_FILE = YES;
				INFOPLIST_KEY_UIApplicationSceneManifest_Generation = YES;
				INFOPLIST_KEY_UIApplicationSupportsIndirectInputEvents = YES;
				INFOPLIST_KEY_UILaunchScreen_Generation = YES;
				INFOPLIST_KEY_UISupportedInterfaceOrientations_iPad = "UIInterfaceOrientationPortrait UIInterfaceOrientationPortraitUpsideDown UIInterfaceOrientationLandscapeLeft UIInterfaceOrientationLandscapeRight";
				INFOPLIST_KEY_UISupportedInterfaceOrientations_iPhone = "UIInterfaceOrientationPortrait UIInterfaceOrientationLandscapeLeft UIInterfaceOrientationLandscapeRight";
				LD_RUNPATH_SEARCH_PATHS = (
					"$(inherited)",
					"@executable_path/Frameworks",
				);
				MARKETING_VERSION = 1.0;
				PRODUCT_BUNDLE_IDENTIFIER = chairaharder.Voya;
				PRODUCT_NAME = "$(TARGET_NAME)";
				SWIFT_EMIT_LOC_STRINGS = YES;
				SWIFT_VERSION = 5.0;
				TARGETED_DEVICE_FAMILY = "1,2";
			};
			name = Release;
		};
		DFC2DCD12DFE110C00E082AA /* Debug */ = {
			isa = XCBuildConfiguration;
			buildSettings = {
				ALWAYS_EMBED_SWIFT_STANDARD_LIBRARIES = YES;
				BUNDLE_LOADER = "$(TEST_HOST)";
				CODE_SIGN_STYLE = Automatic;
				CURRENT_PROJECT_VERSION = 1;
				DEVELOPMENT_TEAM = 2K9BK29ZX4;
				GENERATE_INFOPLIST_FILE = YES;
				IPHONEOS_DEPLOYMENT_TARGET = 17.4;
				MARKETING_VERSION = 1.0;
				PRODUCT_BUNDLE_IDENTIFIER = chairaharder.VoyaTests;
				PRODUCT_NAME = "$(TARGET_NAME)";
				SWIFT_EMIT_LOC_STRINGS = NO;
				SWIFT_VERSION = 5.0;
				TARGETED_DEVICE_FAMILY = "1,2";
				TEST_HOST = "$(BUILT_PRODUCTS_DIR)/Voya.app/$(BUNDLE_EXECUTABLE_FOLDER_PATH)/Voya";
			};
			name = Debug;
		};
		DFC2DCD22DFE110C00E082AA /* Release */ = {
			isa = XCBuildConfiguration;
			buildSettings = {
				ALWAYS_EMBED_SWIFT_STANDARD_LIBRARIES = YES;
				BUNDLE_LOADER = "$(TEST_HOST)";
				CODE_SIGN_STYLE = Automatic;
				CURRENT_PROJECT_VERSION = 1;
				DEVELOPMENT_TEAM = 2K9BK29ZX4;
				GENERATE_INFOPLIST_FILE = YES;
				IPHONEOS_DEPLOYMENT_TARGET = 17.4;
				MARKETING_VERSION = 1.0;
				PRODUCT_BUNDLE_IDENTIFIER = chairaharder.VoyaTests;
				PRODUCT_NAME = "$(TARGET_NAME)";
				SWIFT_EMIT_LOC_STRINGS = NO;
				SWIFT_VERSION = 5.0;
				TARGETED_DEVICE_FAMILY = "1,2";
				TEST_HOST = "$(BUILT_PRODUCTS_DIR)/Voya.app/$(BUNDLE_EXECUTABLE_FOLDER_PATH)/Voya";
			};
			name = Release;
		};
		DFC2DCD42DFE110C00E082AA /* Debug */ = {
			isa = XCBuildConfiguration;
			buildSettings = {
				ALWAYS_EMBED_SWIFT_STANDARD_LIBRARIES = YES;
				CODE_SIGN_STYLE = Automatic;
				CURRENT_PROJECT_VERSION = 1;
				DEVELOPMENT_TEAM = 2K9BK29ZX4;
				GENERATE_INFOPLIST_FILE = YES;
				MARKETING_VERSION = 1.0;
				PRODUCT_BUNDLE_IDENTIFIER = chairaharder.VoyaUITests;
				PRODUCT_NAME = "$(TARGET_NAME)";
				SWIFT_EMIT_LOC_STRINGS = NO;
				SWIFT_VERSION = 5.0;
				TARGETED_DEVICE_FAMILY = "1,2";
				TEST_TARGET_NAME = Voya;
			};
			name = Debug;
		};
		DFC2DCD52DFE110C00E082AA /* Release */ = {
			isa = XCBuildConfiguration;
			buildSettings = {
				ALWAYS_EMBED_SWIFT_STANDARD_LIBRARIES = YES;
				CODE_SIGN_STYLE = Automatic;
				CURRENT_PROJECT_VERSION = 1;
				DEVELOPMENT_TEAM = 2K9BK29ZX4;
				GENERATE_INFOPLIST_FILE = YES;
				MARKETING_VERSION = 1.0;
				PRODUCT_BUNDLE_IDENTIFIER = chairaharder.VoyaUITests;
				PRODUCT_NAME = "$(TARGET_NAME)";
				SWIFT_EMIT_LOC_STRINGS = NO;
				SWIFT_VERSION = 5.0;
				TARGETED_DEVICE_FAMILY = "1,2";
				TEST_TARGET_NAME = Voya;
			};
			name = Release;
		};
/* End XCBuildConfiguration section */

/* Begin XCConfigurationList section */
		DFC2DCA42DFE110A00E082AA /* Build configuration list for PBXProject "Voya" */ = {
			isa = XCConfigurationList;
			buildConfigurations = (
				DFC2DCCB2DFE110C00E082AA /* Debug */,
				DFC2DCCC2DFE110C00E082AA /* Release */,
			);
			defaultConfigurationIsVisible = 0;
			defaultConfigurationName = Release;
		};
		DFC2DCCD2DFE110C00E082AA /* Build configuration list for PBXNativeTarget "Voya" */ = {
			isa = XCConfigurationList;
			buildConfigurations = (
				DFC2DCCE2DFE110C00E082AA /* Debug */,
				DFC2DCCF2DFE110C00E082AA /* Release */,
			);
			defaultConfigurationIsVisible = 0;
			defaultConfigurationName = Release;
		};
		DFC2DCD02DFE110C00E082AA /* Build configuration list for PBXNativeTarget "VoyaTests" */ = {
			isa = XCConfigurationList;
			buildConfigurations = (
				DFC2DCD12DFE110C00E082AA /* Debug */,
				DFC2DCD22DFE110C00E082AA /* Release */,
			);
			defaultConfigurationIsVisible = 0;
			defaultConfigurationName = Release;
		};
		DFC2DCD32DFE110C00E082AA /* Build configuration list for PBXNativeTarget "VoyaUITests" */ = {
			isa = XCConfigurationList;
			buildConfigurations = (
				DFC2DCD42DFE110C00E082AA /* Debug */,
				DFC2DCD52DFE110C00E082AA /* Release */,
			);
			defaultConfigurationIsVisible = 0;
			defaultConfigurationName = Release;
		};
/* End XCConfigurationList section */

/* Begin XCRemoteSwiftPackageReference section */
		DF2001F32E00D399007D1EEB /* XCRemoteSwiftPackageReference "swift-algorithms" */ = {
			isa = XCRemoteSwiftPackageReference;
			repositoryURL = "https://github.com/apple/swift-algorithms.git";
			requirement = {
				kind = upToNextMajorVersion;
				minimumVersion = 1.2.1;
			};
		};
		DF2001F42E00D47E007D1EEB /* XCRemoteSwiftPackageReference "fuse-swift" */ = {
			isa = XCRemoteSwiftPackageReference;
			repositoryURL = "https://github.com/krisk/fuse-swift.git";
			requirement = {
				kind = upToNextMajorVersion;
				minimumVersion = 1.4.0;
			};
		};
/* End XCRemoteSwiftPackageReference section */
	};
	rootObject = DFC2DCA12DFE110A00E082AA /* Project object */;
}
